
Microsoft Visual Studio Solution File, Format Version 12.00
# Visual Studio Version 17
VisualStudioVersion = 17.1.32210.238
MinimumVisualStudioVersion = 10.0.40219.1
Project("{FAE04EC0-301F-11D3-BF4B-00C04F79EFBC}") = "kutyak-infojegyzet-eredeti", "kutyak-infojegyzet-eredeti\kutyak-infojegyzet-eredeti.csproj", "{0D827D2A-B689-457E-AB94-27735AABC697}"
EndProject
Global
	GlobalSection(SolutionConfigurationPlatforms) = preSolution
		Debug|Any CPU = Debug|Any CPU
		Release|Any CPU = Release|Any CPU
	EndGlobalSection
	GlobalSection(ProjectConfigurationPlatforms) = postSolution
		{0D827D2A-B689-457E-AB94-27735AABC697}.Debug|Any CPU.ActiveCfg = Debug|Any CPU
		{0D827D2A-B689-457E-AB94-27735AABC697}.Debug|Any CPU.Build.0 = Debug|Any CPU
		{0D827D2A-B689-457E-AB94-27735AABC697}.Release|Any CPU.ActiveCfg = Release|Any CPU
		{0D827D2A-B689-457E-AB94-27735AABC697}.Release|Any CPU.Build.0 = Release|Any CPU
	EndGlobalSection
	GlobalSection(SolutionProperties) = preSolution
		HideSolutionNode = FALSE
	EndGlobalSection
	GlobalSection(ExtensibilityGlobals) = postSolution
		SolutionGuid = {0AC71845-7F1B-4235-BB29-B2987BAF8E47}
	EndGlobalSection
EndGlobal
