
Microsoft Visual Studio Solution File, Format Version 12.00
# Visual Studio Version 17
VisualStudioVersion = 17.1.32210.238
MinimumVisualStudioVersion = 10.0.40219.1
Project("{9A19103F-16F7-4668-BE54-9A1E7A4F7556}") = "kutya-sajat-api", "kutya-sajat-api\kutya-sajat-api.csproj", "{0F826D2D-0262-4F23-A762-AD1E9FEBA466}"
EndProject
Global
	GlobalSection(SolutionConfigurationPlatforms) = preSolution
		Debug|Any CPU = Debug|Any CPU
		Release|Any CPU = Release|Any CPU
	EndGlobalSection
	GlobalSection(ProjectConfigurationPlatforms) = postSolution
		{0F826D2D-0262-4F23-A762-AD1E9FEBA466}.Debug|Any CPU.ActiveCfg = Debug|Any CPU
		{0F826D2D-0262-4F23-A762-AD1E9FEBA466}.Debug|Any CPU.Build.0 = Debug|Any CPU
		{0F826D2D-0262-4F23-A762-AD1E9FEBA466}.Release|Any CPU.ActiveCfg = Release|Any CPU
		{0F826D2D-0262-4F23-A762-AD1E9FEBA466}.Release|Any CPU.Build.0 = Release|Any CPU
	EndGlobalSection
	GlobalSection(SolutionProperties) = preSolution
		HideSolutionNode = FALSE
	EndGlobalSection
	GlobalSection(ExtensibilityGlobals) = postSolution
		SolutionGuid = {A0B12EE4-DE27-43B7-A385-2C0BDF7B6BED}
	EndGlobalSection
EndGlobal
